
Microsoft Visual Studio Solution File, Format Version 12.00
# Visual Studio Version 17
VisualStudioVersion = 17.14.36025.13
MinimumVisualStudioVersion = 10.0.40219.1
Project("{FAE04EC0-301F-11D3-BF4B-00C04F79EFBC}") = "Solivio", "Solivio.csproj", "{581BF340-365C-4639-8C17-CA59F6CE7FD9}"
EndProject
Global
	GlobalSection(SolutionConfigurationPlatforms) = preSolution
		Debug|Any CPU = Debug|Any CPU
		Release|Any CPU = Release|Any CPU
	EndGlobalSection
	GlobalSection(ProjectConfigurationPlatforms) = postSolution
		{581BF340-365C-4639-8C17-CA59F6CE7FD9}.Debug|Any CPU.ActiveCfg = Debug|Any CPU
		{581BF340-365C-4639-8C17-CA59F6CE7FD9}.Debug|Any CPU.Build.0 = Debug|Any CPU
		{581BF340-365C-4639-8C17-CA59F6CE7FD9}.Release|Any CPU.ActiveCfg = Release|Any CPU
		{581BF340-365C-4639-8C17-CA59F6CE7FD9}.Release|Any CPU.Build.0 = Release|Any CPU
	EndGlobalSection
	GlobalSection(SolutionProperties) = preSolution
		HideSolutionNode = FALSE
	EndGlobalSection
	GlobalSection(ExtensibilityGlobals) = postSolution
		SolutionGuid = {782F57BC-A464-4CA0-9958-65EEDD887D5D}
	EndGlobalSection
EndGlobal
